hash: 657db81b1d3bafe01a695f2a621716950dac5ddd9f39938415bfc9c0888ae18a
updated: 2017-04-23T23:46:31.639148407+02:00
imports:
- name: github.com/cenkalti/backoff
  version: 32cd0c5b3aef12c76ed64aaf678f6c79736be7dc
- name: github.com/codegangsta/negroni
  version: fde5e16d32adc7ad637e9cd9ad21d4ebc6192535
- name: github.com/fatih/color
  version: 9131ab34cf20d2f6d83fdc67168a5430d1c7dc23
- name: github.com/go-zoo/bone
  version: fd0aebc74e908868b09ac140fb5a53cb363884c1
- name: github.com/influxdata/influxdb
  version: 74aa2aa9ae830cd11b8e975e85bb60e61d8d1f21
  subpackages:
  - client/v2
  - models
  - pkg/escape
- name: github.com/mattn/go-colorable
  version: 5411d3eea5978e6cdc258b30de592b60df6aba96
  repo: https://github.com/mattn/go-colorable
- name: github.com/mattn/go-isatty
  version: 57fdcb988a5c543893cc61bce354a6e24ab70022
  repo: https://github.com/mattn/go-isatty
- name: golang.org/x/sys
  version: e24f485414aeafb646f6fca458b0bf869c0880a1
  repo: https://go.googlesource.com/sys
  subpackages:
  - unix
testImports: []
